
Microsoft Visual Studio Solution File, Format Version 12.00
# Visual Studio Version 17
VisualStudioVersion = 17.11.35327.3
MinimumVisualStudioVersion = 10.0.40219.1
Project("{2150E333-8FDC-42A3-9474-1A3956D46DE8}") = "1 - Presentation", "1 - Presentation", "{0DCBB1A4-0022-444D-A8C9-344F5AB5AFF0}"
EndProject
Project("{2150E333-8FDC-42A3-9474-1A3956D46DE8}") = "2 - Core", "2 - Core", "{6622A0FC-0A95-4E2C-BC74-7CB450F21D67}"
EndProject
Project("{2150E333-8FDC-42A3-9474-1A3956D46DE8}") = "3 - Infra", "3 - Infra", "{081E25E7-676F-4649-9CF5-32EA58285A14}"
EndProject
Project("{2150E333-8FDC-42A3-9474-1A3956D46DE8}") = "4 - Tests", "4 - Tests", "{77517595-2357-4C31-8456-A2F86C39B201}"
EndProject
Project("{FAE04EC0-301F-11D3-BF4B-00C04F79EFBC}") = "AmbevTech.123Vendas.Application", "src\AmbevTech.123Vendas.Application\AmbevTech.123Vendas.Application.csproj", "{0CEC6A5E-0929-46AF-9C36-E7F4C25109A8}"
EndProject
Project("{FAE04EC0-301F-11D3-BF4B-00C04F79EFBC}") = "AmbevTech.123Vendas.Domain", "src\AmbevTech.123Vendas.Domain\AmbevTech.123Vendas.Domain.csproj", "{CAB2EEB9-40AF-4257-85FF-5C8DB58E7DB5}"
EndProject
Project("{FAE04EC0-301F-11D3-BF4B-00C04F79EFBC}") = "AmbevTech.123Vendas.Infra", "src\AmbevTech.123Vendas.Infra\AmbevTech.123Vendas.Infra.csproj", "{3590FF6A-41A8-4735-8D50-B52259D4E9EB}"
EndProject
Project("{FAE04EC0-301F-11D3-BF4B-00C04F79EFBC}") = "AmbevTech.123Vendas.API", "Service\AmbevTech.123Vendas.API\AmbevTech.123Vendas.API.csproj", "{CD826881-7B4C-4511-ADAF-B668AC0720F8}"
EndProject
Global
	GlobalSection(SolutionConfigurationPlatforms) = preSolution
		Debug|Any CPU = Debug|Any CPU
		Release|Any CPU = Release|Any CPU
	EndGlobalSection
	GlobalSection(ProjectConfigurationPlatforms) = postSolution
		{0CEC6A5E-0929-46AF-9C36-E7F4C25109A8}.Debug|Any CPU.ActiveCfg = Debug|Any CPU
		{0CEC6A5E-0929-46AF-9C36-E7F4C25109A8}.Debug|Any CPU.Build.0 = Debug|Any CPU
		{0CEC6A5E-0929-46AF-9C36-E7F4C25109A8}.Release|Any CPU.ActiveCfg = Release|Any CPU
		{0CEC6A5E-0929-46AF-9C36-E7F4C25109A8}.Release|Any CPU.Build.0 = Release|Any CPU
		{CAB2EEB9-40AF-4257-85FF-5C8DB58E7DB5}.Debug|Any CPU.ActiveCfg = Debug|Any CPU
		{CAB2EEB9-40AF-4257-85FF-5C8DB58E7DB5}.Debug|Any CPU.Build.0 = Debug|Any CPU
		{CAB2EEB9-40AF-4257-85FF-5C8DB58E7DB5}.Release|Any CPU.ActiveCfg = Release|Any CPU
		{CAB2EEB9-40AF-4257-85FF-5C8DB58E7DB5}.Release|Any CPU.Build.0 = Release|Any CPU
		{3590FF6A-41A8-4735-8D50-B52259D4E9EB}.Debug|Any CPU.ActiveCfg = Debug|Any CPU
		{3590FF6A-41A8-4735-8D50-B52259D4E9EB}.Debug|Any CPU.Build.0 = Debug|Any CPU
		{3590FF6A-41A8-4735-8D50-B52259D4E9EB}.Release|Any CPU.ActiveCfg = Release|Any CPU
		{3590FF6A-41A8-4735-8D50-B52259D4E9EB}.Release|Any CPU.Build.0 = Release|Any CPU
		{CD826881-7B4C-4511-ADAF-B668AC0720F8}.Debug|Any CPU.ActiveCfg = Debug|Any CPU
		{CD826881-7B4C-4511-ADAF-B668AC0720F8}.Debug|Any CPU.Build.0 = Debug|Any CPU
		{CD826881-7B4C-4511-ADAF-B668AC0720F8}.Release|Any CPU.ActiveCfg = Release|Any CPU
		{CD826881-7B4C-4511-ADAF-B668AC0720F8}.Release|Any CPU.Build.0 = Release|Any CPU
	EndGlobalSection
	GlobalSection(SolutionProperties) = preSolution
		HideSolutionNode = FALSE
	EndGlobalSection
	GlobalSection(NestedProjects) = preSolution
		{0CEC6A5E-0929-46AF-9C36-E7F4C25109A8} = {6622A0FC-0A95-4E2C-BC74-7CB450F21D67}
		{CAB2EEB9-40AF-4257-85FF-5C8DB58E7DB5} = {6622A0FC-0A95-4E2C-BC74-7CB450F21D67}
		{3590FF6A-41A8-4735-8D50-B52259D4E9EB} = {081E25E7-676F-4649-9CF5-32EA58285A14}
		{CD826881-7B4C-4511-ADAF-B668AC0720F8} = {0DCBB1A4-0022-444D-A8C9-344F5AB5AFF0}
	EndGlobalSection
	GlobalSection(ExtensibilityGlobals) = postSolution
		SolutionGuid = {133B257A-99C3-483B-A2D9-B2AC244DBA4B}
	EndGlobalSection
EndGlobal
